
Microsoft Visual Studio Solution File, Format Version 12.00
# Visual Studio 15
VisualStudioVersion = 15.0.28307.645
MinimumVisualStudioVersion = 10.0.40219.1
Project("{8BC9CEB8-8B4A-11D0-8D11-00A0C91BC942}") = "NativeLibrary", "NativeLibrary\NativeLibrary.vcxproj", "{40A3C0F7-FD47-4FC7-B6CB-8565E669DCB7}"
	ProjectSection(ProjectDependencies) = postProject
		{52F486E7-830C-45D8-BE47-E76B5AAB2772} = {52F486E7-830C-45D8-BE47-E76B5AAB2772}
	EndProjectSection
EndProject
Project("{9A19103F-16F7-4668-BE54-9A1E7A4F7556}") = "ComLight", "ComLight\ComLight.csproj", "{946C2D8A-D004-49CB-8C18-5FE7A21D2C09}"
EndProject
Project("{8BC9CEB8-8B4A-11D0-8D11-00A0C91BC942}") = "ComLightLib", "ComLightLib\ComLightLib.vcxproj", "{52F486E7-830C-45D8-BE47-E76B5AAB2772}"
EndProject
Project("{FAE04EC0-301F-11D3-BF4B-00C04F79EFBC}") = "DesktopClient", "DesktopClient\DesktopClient.csproj", "{E37D2BA1-878A-4E41-BDD3-18B44B239569}"
EndProject
Project("{9A19103F-16F7-4668-BE54-9A1E7A4F7556}") = "PortableClient", "PortableClient\PortableClient.csproj", "{5D11E792-D979-4048-8985-5A19D762399C}"
	ProjectSection(ProjectDependencies) = postProject
		{40A3C0F7-FD47-4FC7-B6CB-8565E669DCB7} = {40A3C0F7-FD47-4FC7-B6CB-8565E669DCB7}
	EndProjectSection
EndProject
Project("{FAE04EC0-301F-11D3-BF4B-00C04F79EFBC}") = "ComLightDesktop", "ComLightDesktop\ComLightDesktop.csproj", "{19900A21-4167-40B0-AB73-EB4BD4A78C1C}"
EndProject
Project("{FAE04EC0-301F-11D3-BF4B-00C04F79EFBC}") = "DesktopTest", "DesktopTest\DesktopTest.csproj", "{5020041D-744D-40E5-87C1-028D39A346DC}"
	ProjectSection(ProjectDependencies) = postProject
		{40A3C0F7-FD47-4FC7-B6CB-8565E669DCB7} = {40A3C0F7-FD47-4FC7-B6CB-8565E669DCB7}
	EndProjectSection
EndProject
Project("{2150E333-8FDC-42A3-9474-1A3956D46DE8}") = "Demos", "Demos", "{3C6D27C1-2DCE-4BEA-8F33-F5A9DD77B86F}"
EndProject
Project("{8BC9CEB8-8B4A-11D0-8D11-00A0C91BC942}") = "HelloWorldCpp", "Demos\HelloWorldCpp\HelloWorld.vcxproj", "{69C652FB-4300-494A-B1AC-53FAF518C913}"
EndProject
Project("{9A19103F-16F7-4668-BE54-9A1E7A4F7556}") = "HelloWorldCS", "Demos\HelloWorldCS\HelloWorldCS.csproj", "{0DD6998F-1417-4815-80A4-9500874B5949}"
	ProjectSection(ProjectDependencies) = postProject
		{69C652FB-4300-494A-B1AC-53FAF518C913} = {69C652FB-4300-494A-B1AC-53FAF518C913}
	EndProjectSection
EndProject
Project("{8BC9CEB8-8B4A-11D0-8D11-00A0C91BC942}") = "StreamsCpp", "Demos\StreamsCpp\Streams.vcxproj", "{EF707665-3A41-4A51-9F55-8ABC4397E452}"
EndProject
Project("{9A19103F-16F7-4668-BE54-9A1E7A4F7556}") = "StreamsCS", "Demos\StreamsCS\StreamsCS.csproj", "{B028C826-09B0-4876-AB97-3C7C0E417878}"
	ProjectSection(ProjectDependencies) = postProject
		{EF707665-3A41-4A51-9F55-8ABC4397E452} = {EF707665-3A41-4A51-9F55-8ABC4397E452}
	EndProjectSection
EndProject
Project("{FAE04EC0-301F-11D3-BF4B-00C04F79EFBC}") = "StreamsDesktop", "Demos\StreamsDesktop\StreamsDesktop.csproj", "{3B25F687-15C7-4E6F-8085-1357B99E2FA9}"
EndProject
Global
	GlobalSection(SolutionConfigurationPlatforms) = preSolution
		Debug|Any CPU = Debug|Any CPU
		Debug|x64 = Debug|x64
		Debug|x86 = Debug|x86
		Release|Any CPU = Release|Any CPU
		Release|x64 = Release|x64
		Release|x86 = Release|x86
	EndGlobalSection
	GlobalSection(ProjectConfigurationPlatforms) = postSolution
		{40A3C0F7-FD47-4FC7-B6CB-8565E669DCB7}.Debug|Any CPU.ActiveCfg = Debug|Win32
		{40A3C0F7-FD47-4FC7-B6CB-8565E669DCB7}.Debug|x64.ActiveCfg = Debug|x64
		{40A3C0F7-FD47-4FC7-B6CB-8565E669DCB7}.Debug|x64.Build.0 = Debug|x64
		{40A3C0F7-FD47-4FC7-B6CB-8565E669DCB7}.Debug|x86.ActiveCfg = Debug|Win32
		{40A3C0F7-FD47-4FC7-B6CB-8565E669DCB7}.Debug|x86.Build.0 = Debug|Win32
		{40A3C0F7-FD47-4FC7-B6CB-8565E669DCB7}.Release|Any CPU.ActiveCfg = Release|Win32
		{40A3C0F7-FD47-4FC7-B6CB-8565E669DCB7}.Release|x64.ActiveCfg = Release|x64
		{40A3C0F7-FD47-4FC7-B6CB-8565E669DCB7}.Release|x64.Build.0 = Release|x64
		{40A3C0F7-FD47-4FC7-B6CB-8565E669DCB7}.Release|x86.ActiveCfg = Release|Win32
		{40A3C0F7-FD47-4FC7-B6CB-8565E669DCB7}.Release|x86.Build.0 = Release|Win32
		{946C2D8A-D004-49CB-8C18-5FE7A21D2C09}.Debug|Any CPU.ActiveCfg = Debug|Any CPU
		{946C2D8A-D004-49CB-8C18-5FE7A21D2C09}.Debug|Any CPU.Build.0 = Debug|Any CPU
		{946C2D8A-D004-49CB-8C18-5FE7A21D2C09}.Debug|x64.ActiveCfg = Debug|Any CPU
		{946C2D8A-D004-49CB-8C18-5FE7A21D2C09}.Debug|x64.Build.0 = Debug|Any CPU
		{946C2D8A-D004-49CB-8C18-5FE7A21D2C09}.Debug|x86.ActiveCfg = Debug|Any CPU
		{946C2D8A-D004-49CB-8C18-5FE7A21D2C09}.Debug|x86.Build.0 = Debug|Any CPU
		{946C2D8A-D004-49CB-8C18-5FE7A21D2C09}.Release|Any CPU.ActiveCfg = Release|Any CPU
		{946C2D8A-D004-49CB-8C18-5FE7A21D2C09}.Release|Any CPU.Build.0 = Release|Any CPU
		{946C2D8A-D004-49CB-8C18-5FE7A21D2C09}.Release|x64.ActiveCfg = Release|Any CPU
		{946C2D8A-D004-49CB-8C18-5FE7A21D2C09}.Release|x64.Build.0 = Release|Any CPU
		{946C2D8A-D004-49CB-8C18-5FE7A21D2C09}.Release|x86.ActiveCfg = Release|Any CPU
		{946C2D8A-D004-49CB-8C18-5FE7A21D2C09}.Release|x86.Build.0 = Release|Any CPU
		{52F486E7-830C-45D8-BE47-E76B5AAB2772}.Debug|Any CPU.ActiveCfg = Debug|Win32
		{52F486E7-830C-45D8-BE47-E76B5AAB2772}.Debug|x64.ActiveCfg = Debug|x64
		{52F486E7-830C-45D8-BE47-E76B5AAB2772}.Debug|x64.Build.0 = Debug|x64
		{52F486E7-830C-45D8-BE47-E76B5AAB2772}.Debug|x86.ActiveCfg = Debug|Win32
		{52F486E7-830C-45D8-BE47-E76B5AAB2772}.Debug|x86.Build.0 = Debug|Win32
		{52F486E7-830C-45D8-BE47-E76B5AAB2772}.Release|Any CPU.ActiveCfg = Release|Win32
		{52F486E7-830C-45D8-BE47-E76B5AAB2772}.Release|x64.ActiveCfg = Release|x64
		{52F486E7-830C-45D8-BE47-E76B5AAB2772}.Release|x64.Build.0 = Release|x64
		{52F486E7-830C-45D8-BE47-E76B5AAB2772}.Release|x86.ActiveCfg = Release|Win32
		{52F486E7-830C-45D8-BE47-E76B5AAB2772}.Release|x86.Build.0 = Release|Win32
		{E37D2BA1-878A-4E41-BDD3-18B44B239569}.Debug|Any CPU.ActiveCfg = Debug|Any CPU
		{E37D2BA1-878A-4E41-BDD3-18B44B239569}.Debug|Any CPU.Build.0 = Debug|Any CPU
		{E37D2BA1-878A-4E41-BDD3-18B44B239569}.Debug|x64.ActiveCfg = Debug|Any CPU
		{E37D2BA1-878A-4E41-BDD3-18B44B239569}.Debug|x64.Build.0 = Debug|Any CPU
		{E37D2BA1-878A-4E41-BDD3-18B44B239569}.Debug|x86.ActiveCfg = Debug|Any CPU
		{E37D2BA1-878A-4E41-BDD3-18B44B239569}.Debug|x86.Build.0 = Debug|Any CPU
		{E37D2BA1-878A-4E41-BDD3-18B44B239569}.Release|Any CPU.ActiveCfg = Release|Any CPU
		{E37D2BA1-878A-4E41-BDD3-18B44B239569}.Release|Any CPU.Build.0 = Release|Any CPU
		{E37D2BA1-878A-4E41-BDD3-18B44B239569}.Release|x64.ActiveCfg = Release|Any CPU
		{E37D2BA1-878A-4E41-BDD3-18B44B239569}.Release|x64.Build.0 = Release|Any CPU
		{E37D2BA1-878A-4E41-BDD3-18B44B239569}.Release|x86.ActiveCfg = Release|Any CPU
		{E37D2BA1-878A-4E41-BDD3-18B44B239569}.Release|x86.Build.0 = Release|Any CPU
		{5D11E792-D979-4048-8985-5A19D762399C}.Debug|Any CPU.ActiveCfg = Debug|Any CPU
		{5D11E792-D979-4048-8985-5A19D762399C}.Debug|Any CPU.Build.0 = Debug|Any CPU
		{5D11E792-D979-4048-8985-5A19D762399C}.Debug|x64.ActiveCfg = Debug|Any CPU
		{5D11E792-D979-4048-8985-5A19D762399C}.Debug|x64.Build.0 = Debug|Any CPU
		{5D11E792-D979-4048-8985-5A19D762399C}.Debug|x86.ActiveCfg = Debug|Any CPU
		{5D11E792-D979-4048-8985-5A19D762399C}.Debug|x86.Build.0 = Debug|Any CPU
		{5D11E792-D979-4048-8985-5A19D762399C}.Release|Any CPU.ActiveCfg = Release|Any CPU
		{5D11E792-D979-4048-8985-5A19D762399C}.Release|Any CPU.Build.0 = Release|Any CPU
		{5D11E792-D979-4048-8985-5A19D762399C}.Release|x64.ActiveCfg = Release|Any CPU
		{5D11E792-D979-4048-8985-5A19D762399C}.Release|x64.Build.0 = Release|Any CPU
		{5D11E792-D979-4048-8985-5A19D762399C}.Release|x86.ActiveCfg = Release|Any CPU
		{5D11E792-D979-4048-8985-5A19D762399C}.Release|x86.Build.0 = Release|Any CPU
		{19900A21-4167-40B0-AB73-EB4BD4A78C1C}.Debug|Any CPU.ActiveCfg = Debug|Any CPU
		{19900A21-4167-40B0-AB73-EB4BD4A78C1C}.Debug|Any CPU.Build.0 = Debug|Any CPU
		{19900A21-4167-40B0-AB73-EB4BD4A78C1C}.Debug|x64.ActiveCfg = Debug|Any CPU
		{19900A21-4167-40B0-AB73-EB4BD4A78C1C}.Debug|x64.Build.0 = Debug|Any CPU
		{19900A21-4167-40B0-AB73-EB4BD4A78C1C}.Debug|x86.ActiveCfg = Debug|Any CPU
		{19900A21-4167-40B0-AB73-EB4BD4A78C1C}.Debug|x86.Build.0 = Debug|Any CPU
		{19900A21-4167-40B0-AB73-EB4BD4A78C1C}.Release|Any CPU.ActiveCfg = Release|Any CPU
		{19900A21-4167-40B0-AB73-EB4BD4A78C1C}.Release|Any CPU.Build.0 = Release|Any CPU
		{19900A21-4167-40B0-AB73-EB4BD4A78C1C}.Release|x64.ActiveCfg = Release|Any CPU
		{19900A21-4167-40B0-AB73-EB4BD4A78C1C}.Release|x64.Build.0 = Release|Any CPU
		{19900A21-4167-40B0-AB73-EB4BD4A78C1C}.Release|x86.ActiveCfg = Release|Any CPU
		{19900A21-4167-40B0-AB73-EB4BD4A78C1C}.Release|x86.Build.0 = Release|Any CPU
		{5020041D-744D-40E5-87C1-028D39A346DC}.Debug|Any CPU.ActiveCfg = Debug|Any CPU
		{5020041D-744D-40E5-87C1-028D39A346DC}.Debug|Any CPU.Build.0 = Debug|Any CPU
		{5020041D-744D-40E5-87C1-028D39A346DC}.Debug|x64.ActiveCfg = Debug|Any CPU
		{5020041D-744D-40E5-87C1-028D39A346DC}.Debug|x64.Build.0 = Debug|Any CPU
		{5020041D-744D-40E5-87C1-028D39A346DC}.Debug|x86.ActiveCfg = Debug|Any CPU
		{5020041D-744D-40E5-87C1-028D39A346DC}.Debug|x86.Build.0 = Debug|Any CPU
		{5020041D-744D-40E5-87C1-028D39A346DC}.Release|Any CPU.ActiveCfg = Release|Any CPU
		{5020041D-744D-40E5-87C1-028D39A346DC}.Release|Any CPU.Build.0 = Release|Any CPU
		{5020041D-744D-40E5-87C1-028D39A346DC}.Release|x64.ActiveCfg = Release|Any CPU
		{5020041D-744D-40E5-87C1-028D39A346DC}.Release|x64.Build.0 = Release|Any CPU
		{5020041D-744D-40E5-87C1-028D39A346DC}.Release|x86.ActiveCfg = Release|Any CPU
		{5020041D-744D-40E5-87C1-028D39A346DC}.Release|x86.Build.0 = Release|Any CPU
		{69C652FB-4300-494A-B1AC-53FAF518C913}.Debug|Any CPU.ActiveCfg = Debug|Win32
		{69C652FB-4300-494A-B1AC-53FAF518C913}.Debug|x64.ActiveCfg = Debug|x64
		{69C652FB-4300-494A-B1AC-53FAF518C913}.Debug|x64.Build.0 = Debug|x64
		{69C652FB-4300-494A-B1AC-53FAF518C913}.Debug|x86.ActiveCfg = Debug|Win32
		{69C652FB-4300-494A-B1AC-53FAF518C913}.Debug|x86.Build.0 = Debug|Win32
		{69C652FB-4300-494A-B1AC-53FAF518C913}.Release|Any CPU.ActiveCfg = Release|Win32
		{69C652FB-4300-494A-B1AC-53FAF518C913}.Release|x64.ActiveCfg = Release|x64
		{69C652FB-4300-494A-B1AC-53FAF518C913}.Release|x64.Build.0 = Release|x64
		{69C652FB-4300-494A-B1AC-53FAF518C913}.Release|x86.ActiveCfg = Release|Win32
		{69C652FB-4300-494A-B1AC-53FAF518C913}.Release|x86.Build.0 = Release|Win32
		{0DD6998F-1417-4815-80A4-9500874B5949}.Debug|Any CPU.ActiveCfg = Debug|Any CPU
		{0DD6998F-1417-4815-80A4-9500874B5949}.Debug|Any CPU.Build.0 = Debug|Any CPU
		{0DD6998F-1417-4815-80A4-9500874B5949}.Debug|x64.ActiveCfg = Debug|Any CPU
		{0DD6998F-1417-4815-80A4-9500874B5949}.Debug|x64.Build.0 = Debug|Any CPU
		{0DD6998F-1417-4815-80A4-9500874B5949}.Debug|x86.ActiveCfg = Debug|Any CPU
		{0DD6998F-1417-4815-80A4-9500874B5949}.Debug|x86.Build.0 = Debug|Any CPU
		{0DD6998F-1417-4815-80A4-9500874B5949}.Release|Any CPU.ActiveCfg = Release|Any CPU
		{0DD6998F-1417-4815-80A4-9500874B5949}.Release|Any CPU.Build.0 = Release|Any CPU
		{0DD6998F-1417-4815-80A4-9500874B5949}.Release|x64.ActiveCfg = Release|Any CPU
		{0DD6998F-1417-4815-80A4-9500874B5949}.Release|x64.Build.0 = Release|Any CPU
		{0DD6998F-1417-4815-80A4-9500874B5949}.Release|x86.ActiveCfg = Release|Any CPU
		{0DD6998F-1417-4815-80A4-9500874B5949}.Release|x86.Build.0 = Release|Any CPU
		{EF707665-3A41-4A51-9F55-8ABC4397E452}.Debug|Any CPU.ActiveCfg = Debug|Win32
		{EF707665-3A41-4A51-9F55-8ABC4397E452}.Debug|x64.ActiveCfg = Debug|x64
		{EF707665-3A41-4A51-9F55-8ABC4397E452}.Debug|x64.Build.0 = Debug|x64
		{EF707665-3A41-4A51-9F55-8ABC4397E452}.Debug|x86.ActiveCfg = Debug|Win32
		{EF707665-3A41-4A51-9F55-8ABC4397E452}.Debug|x86.Build.0 = Debug|Win32
		{EF707665-3A41-4A51-9F55-8ABC4397E452}.Release|Any CPU.ActiveCfg = Release|Win32
		{EF707665-3A41-4A51-9F55-8ABC4397E452}.Release|x64.ActiveCfg = Release|x64
		{EF707665-3A41-4A51-9F55-8ABC4397E452}.Release|x64.Build.0 = Release|x64
		{EF707665-3A41-4A51-9F55-8ABC4397E452}.Release|x86.ActiveCfg = Release|Win32
		{EF707665-3A41-4A51-9F55-8ABC4397E452}.Release|x86.Build.0 = Release|Win32
		{B028C826-09B0-4876-AB97-3C7C0E417878}.Debug|Any CPU.ActiveCfg = Debug|Any CPU
		{B028C826-09B0-4876-AB97-3C7C0E417878}.Debug|Any CPU.Build.0 = Debug|Any CPU
		{B028C826-09B0-4876-AB97-3C7C0E417878}.Debug|x64.ActiveCfg = Debug|Any CPU
		{B028C826-09B0-4876-AB97-3C7C0E417878}.Debug|x64.Build.0 = Debug|Any CPU
		{B028C826-09B0-4876-AB97-3C7C0E417878}.Debug|x86.ActiveCfg = Debug|Any CPU
		{B028C826-09B0-4876-AB97-3C7C0E417878}.Debug|x86.Build.0 = Debug|Any CPU
		{B028C826-09B0-4876-AB97-3C7C0E417878}.Release|Any CPU.ActiveCfg = Release|Any CPU
		{B028C826-09B0-4876-AB97-3C7C0E417878}.Release|Any CPU.Build.0 = Release|Any CPU
		{B028C826-09B0-4876-AB97-3C7C0E417878}.Release|x64.ActiveCfg = Release|Any CPU
		{B028C826-09B0-4876-AB97-3C7C0E417878}.Release|x64.Build.0 = Release|Any CPU
		{B028C826-09B0-4876-AB97-3C7C0E417878}.Release|x86.ActiveCfg = Release|Any CPU
		{B028C826-09B0-4876-AB97-3C7C0E417878}.Release|x86.Build.0 = Release|Any CPU
		{3B25F687-15C7-4E6F-8085-1357B99E2FA9}.Debug|Any CPU.ActiveCfg = Debug|Any CPU
		{3B25F687-15C7-4E6F-8085-1357B99E2FA9}.Debug|Any CPU.Build.0 = Debug|Any CPU
		{3B25F687-15C7-4E6F-8085-1357B99E2FA9}.Debug|x64.ActiveCfg = Debug|Any CPU
		{3B25F687-15C7-4E6F-8085-1357B99E2FA9}.Debug|x64.Build.0 = Debug|Any CPU
		{3B25F687-15C7-4E6F-8085-1357B99E2FA9}.Debug|x86.ActiveCfg = Debug|Any CPU
		{3B25F687-15C7-4E6F-8085-1357B99E2FA9}.Debug|x86.Build.0 = Debug|Any CPU
		{3B25F687-15C7-4E6F-8085-1357B99E2FA9}.Release|Any CPU.ActiveCfg = Release|Any CPU
		{3B25F687-15C7-4E6F-8085-1357B99E2FA9}.Release|Any CPU.Build.0 = Release|Any CPU
		{3B25F687-15C7-4E6F-8085-1357B99E2FA9}.Release|x64.ActiveCfg = Release|Any CPU
		{3B25F687-15C7-4E6F-8085-1357B99E2FA9}.Release|x64.Build.0 = Release|Any CPU
		{3B25F687-15C7-4E6F-8085-1357B99E2FA9}.Release|x86.ActiveCfg = Release|Any CPU
		{3B25F687-15C7-4E6F-8085-1357B99E2FA9}.Release|x86.Build.0 = Release|Any CPU
	EndGlobalSection
	GlobalSection(SolutionProperties) = preSolution
		HideSolutionNode = FALSE
	EndGlobalSection
	GlobalSection(NestedProjects) = preSolution
		{69C652FB-4300-494A-B1AC-53FAF518C913} = {3C6D27C1-2DCE-4BEA-8F33-F5A9DD77B86F}
		{0DD6998F-1417-4815-80A4-9500874B5949} = {3C6D27C1-2DCE-4BEA-8F33-F5A9DD77B86F}
		{EF707665-3A41-4A51-9F55-8ABC4397E452} = {3C6D27C1-2DCE-4BEA-8F33-F5A9DD77B86F}
		{B028C826-09B0-4876-AB97-3C7C0E417878} = {3C6D27C1-2DCE-4BEA-8F33-F5A9DD77B86F}
		{3B25F687-15C7-4E6F-8085-1357B99E2FA9} = {3C6D27C1-2DCE-4BEA-8F33-F5A9DD77B86F}
	EndGlobalSection
	GlobalSection(ExtensibilityGlobals) = postSolution
		SolutionGuid = {5B27DB52-F652-4C84-AE6B-03CEF65663D3}
	EndGlobalSection
EndGlobal
